
Microsoft Visual Studio Solution File, Format Version 12.00
# Visual Studio Version 16
VisualStudioVersion = 16.0.31729.503
MinimumVisualStudioVersion = 10.0.40219.1
Project("{FAE04EC0-301F-11D3-BF4B-00C04F79EFBC}") = "MyCalculator_bderobles", "MyCalculator_bderobles\MyCalculator_bderobles.csproj", "{FEDB5B6D-70E0-4891-BAF8-9AF78F698A87}"
EndProject
Global
	GlobalSection(SolutionConfigurationPlatforms) = preSolution
		Debug|Any CPU = Debug|Any CPU
		Release|Any CPU = Release|Any CPU
	EndGlobalSection
	GlobalSection(ProjectConfigurationPlatforms) = postSolution
		{FEDB5B6D-70E0-4891-BAF8-9AF78F698A87}.Debug|Any CPU.ActiveCfg = Debug|Any CPU
		{FEDB5B6D-70E0-4891-BAF8-9AF78F698A87}.Debug|Any CPU.Build.0 = Debug|Any CPU
		{FEDB5B6D-70E0-4891-BAF8-9AF78F698A87}.Release|Any CPU.ActiveCfg = Release|Any CPU
		{FEDB5B6D-70E0-4891-BAF8-9AF78F698A87}.Release|Any CPU.Build.0 = Release|Any CPU
	EndGlobalSection
	GlobalSection(SolutionProperties) = preSolution
		HideSolutionNode = FALSE
	EndGlobalSection
	GlobalSection(ExtensibilityGlobals) = postSolution
		SolutionGuid = {D64364A8-1C12-4435-91A5-82768B71C498}
	EndGlobalSection
EndGlobal
